
Microsoft Visual Studio Solution File, Format Version 12.00
# Visual Studio Version 16
VisualStudioVersion = 16.0.31613.86
MinimumVisualStudioVersion = 10.0.40219.1
Project("{8BC9CEB8-8B4A-11D0-8D11-00A0C91BC942}") = "CUDA_0", "CUDA_0\CUDA_0.vcxproj", "{BBA8B89D-4D21-4669-95DA-323CB208711E}"
EndProject
Project("{8BC9CEB8-8B4A-11D0-8D11-00A0C91BC942}") = "CUDA_Ch4_Parallel", "CUDA_Ch4_Parallel\CUDA_Ch4_Parallel.vcxproj", "{FEE42EAB-E45C-4DC6-8FFC-BED0DD58C44B}"
EndProject
Project("{8BC9CEB8-8B4A-11D0-8D11-00A0C91BC942}") = "CUDA_Ch5_Thread", "CUDA_Ch5_Thread\CUDA_Ch5_Thread.vcxproj", "{04E07967-5B81-4916-AA6A-C390721CA87E}"
EndProject
Project("{8BC9CEB8-8B4A-11D0-8D11-00A0C91BC942}") = "CUDA_Ch6_Constant_Memory", "CUDA_Ch6_Constant_Memory\CUDA_Ch6_Constant_Memory.vcxproj", "{B4E459D4-B1BB-4F51-9A75-B22D7D8C9E99}"
EndProject
Project("{8BC9CEB8-8B4A-11D0-8D11-00A0C91BC942}") = "CUDA_Ch7_Texture_Memory", "CUDA_Ch7_Texture_Memory\CUDA_Ch7_Texture_Memory.vcxproj", "{1D6B99F6-2365-4CDB-B913-EED8B2CE1272}"
EndProject
Project("{8BC9CEB8-8B4A-11D0-8D11-00A0C91BC942}") = "CUDA_Ch8_GLUT", "CUDA_Ch8_GLUT\CUDA_Ch8_GLUT.vcxproj", "{18BE3ED6-8BE9-43F1-A774-7A0D600FA8F8}"
EndProject
Project("{8BC9CEB8-8B4A-11D0-8D11-00A0C91BC942}") = "CUDA_Ch9_Atomic", "CUDA_Ch9_Atomic\CUDA_Ch9_Atomic.vcxproj", "{0E1D5655-AB58-406F-9FCE-02E2EC7026EC}"
EndProject
Global
	GlobalSection(SolutionConfigurationPlatforms) = preSolution
		Debug|x64 = Debug|x64
		Debug|x86 = Debug|x86
		Release|x64 = Release|x64
		Release|x86 = Release|x86
	EndGlobalSection
	GlobalSection(ProjectConfigurationPlatforms) = postSolution
		{BBA8B89D-4D21-4669-95DA-323CB208711E}.Debug|x64.ActiveCfg = Debug|x64
		{BBA8B89D-4D21-4669-95DA-323CB208711E}.Debug|x64.Build.0 = Debug|x64
		{BBA8B89D-4D21-4669-95DA-323CB208711E}.Debug|x86.ActiveCfg = Debug|Win32
		{BBA8B89D-4D21-4669-95DA-323CB208711E}.Debug|x86.Build.0 = Debug|Win32
		{BBA8B89D-4D21-4669-95DA-323CB208711E}.Release|x64.ActiveCfg = Release|x64
		{BBA8B89D-4D21-4669-95DA-323CB208711E}.Release|x64.Build.0 = Release|x64
		{BBA8B89D-4D21-4669-95DA-323CB208711E}.Release|x86.ActiveCfg = Release|Win32
		{BBA8B89D-4D21-4669-95DA-323CB208711E}.Release|x86.Build.0 = Release|Win32
		{FEE42EAB-E45C-4DC6-8FFC-BED0DD58C44B}.Debug|x64.ActiveCfg = Debug|x64
		{FEE42EAB-E45C-4DC6-8FFC-BED0DD58C44B}.Debug|x64.Build.0 = Debug|x64
		{FEE42EAB-E45C-4DC6-8FFC-BED0DD58C44B}.Debug|x86.ActiveCfg = Debug|Win32
		{FEE42EAB-E45C-4DC6-8FFC-BED0DD58C44B}.Debug|x86.Build.0 = Debug|Win32
		{FEE42EAB-E45C-4DC6-8FFC-BED0DD58C44B}.Release|x64.ActiveCfg = Release|x64
		{FEE42EAB-E45C-4DC6-8FFC-BED0DD58C44B}.Release|x64.Build.0 = Release|x64
		{FEE42EAB-E45C-4DC6-8FFC-BED0DD58C44B}.Release|x86.ActiveCfg = Release|Win32
		{FEE42EAB-E45C-4DC6-8FFC-BED0DD58C44B}.Release|x86.Build.0 = Release|Win32
		{04E07967-5B81-4916-AA6A-C390721CA87E}.Debug|x64.ActiveCfg = Debug|x64
		{04E07967-5B81-4916-AA6A-C390721CA87E}.Debug|x64.Build.0 = Debug|x64
		{04E07967-5B81-4916-AA6A-C390721CA87E}.Debug|x86.ActiveCfg = Debug|Win32
		{04E07967-5B81-4916-AA6A-C390721CA87E}.Debug|x86.Build.0 = Debug|Win32
		{04E07967-5B81-4916-AA6A-C390721CA87E}.Release|x64.ActiveCfg = Release|x64
		{04E07967-5B81-4916-AA6A-C390721CA87E}.Release|x64.Build.0 = Release|x64
		{04E07967-5B81-4916-AA6A-C390721CA87E}.Release|x86.ActiveCfg = Release|Win32
		{04E07967-5B81-4916-AA6A-C390721CA87E}.Release|x86.Build.0 = Release|Win32
		{B4E459D4-B1BB-4F51-9A75-B22D7D8C9E99}.Debug|x64.ActiveCfg = Debug|x64
		{B4E459D4-B1BB-4F51-9A75-B22D7D8C9E99}.Debug|x64.Build.0 = Debug|x64
		{B4E459D4-B1BB-4F51-9A75-B22D7D8C9E99}.Debug|x86.ActiveCfg = Debug|Win32
		{B4E459D4-B1BB-4F51-9A75-B22D7D8C9E99}.Debug|x86.Build.0 = Debug|Win32
		{B4E459D4-B1BB-4F51-9A75-B22D7D8C9E99}.Release|x64.ActiveCfg = Release|x64
		{B4E459D4-B1BB-4F51-9A75-B22D7D8C9E99}.Release|x64.Build.0 = Release|x64
		{B4E459D4-B1BB-4F51-9A75-B22D7D8C9E99}.Release|x86.ActiveCfg = Release|Win32
		{B4E459D4-B1BB-4F51-9A75-B22D7D8C9E99}.Release|x86.Build.0 = Release|Win32
		{1D6B99F6-2365-4CDB-B913-EED8B2CE1272}.Debug|x64.ActiveCfg = Debug|x64
		{1D6B99F6-2365-4CDB-B913-EED8B2CE1272}.Debug|x64.Build.0 = Debug|x64
		{1D6B99F6-2365-4CDB-B913-EED8B2CE1272}.Debug|x86.ActiveCfg = Debug|Win32
		{1D6B99F6-2365-4CDB-B913-EED8B2CE1272}.Debug|x86.Build.0 = Debug|Win32
		{1D6B99F6-2365-4CDB-B913-EED8B2CE1272}.Release|x64.ActiveCfg = Release|x64
		{1D6B99F6-2365-4CDB-B913-EED8B2CE1272}.Release|x64.Build.0 = Release|x64
		{1D6B99F6-2365-4CDB-B913-EED8B2CE1272}.Release|x86.ActiveCfg = Release|Win32
		{1D6B99F6-2365-4CDB-B913-EED8B2CE1272}.Release|x86.Build.0 = Release|Win32
		{18BE3ED6-8BE9-43F1-A774-7A0D600FA8F8}.Debug|x64.ActiveCfg = Debug|x64
		{18BE3ED6-8BE9-43F1-A774-7A0D600FA8F8}.Debug|x64.Build.0 = Debug|x64
		{18BE3ED6-8BE9-43F1-A774-7A0D600FA8F8}.Debug|x86.ActiveCfg = Debug|Win32
		{18BE3ED6-8BE9-43F1-A774-7A0D600FA8F8}.Debug|x86.Build.0 = Debug|Win32
		{18BE3ED6-8BE9-43F1-A774-7A0D600FA8F8}.Release|x64.ActiveCfg = Release|x64
		{18BE3ED6-8BE9-43F1-A774-7A0D600FA8F8}.Release|x64.Build.0 = Release|x64
		{18BE3ED6-8BE9-43F1-A774-7A0D600FA8F8}.Release|x86.ActiveCfg = Release|Win32
		{18BE3ED6-8BE9-43F1-A774-7A0D600FA8F8}.Release|x86.Build.0 = Release|Win32
		{0E1D5655-AB58-406F-9FCE-02E2EC7026EC}.Debug|x64.ActiveCfg = Debug|x64
		{0E1D5655-AB58-406F-9FCE-02E2EC7026EC}.Debug|x64.Build.0 = Debug|x64
		{0E1D5655-AB58-406F-9FCE-02E2EC7026EC}.Debug|x86.ActiveCfg = Debug|Win32
		{0E1D5655-AB58-406F-9FCE-02E2EC7026EC}.Debug|x86.Build.0 = Debug|Win32
		{0E1D5655-AB58-406F-9FCE-02E2EC7026EC}.Release|x64.ActiveCfg = Release|x64
		{0E1D5655-AB58-406F-9FCE-02E2EC7026EC}.Release|x64.Build.0 = Release|x64
		{0E1D5655-AB58-406F-9FCE-02E2EC7026EC}.Release|x86.ActiveCfg = Release|Win32
		{0E1D5655-AB58-406F-9FCE-02E2EC7026EC}.Release|x86.Build.0 = Release|Win32
	EndGlobalSection
	GlobalSection(SolutionProperties) = preSolution
		HideSolutionNode = FALSE
	EndGlobalSection
	GlobalSection(ExtensibilityGlobals) = postSolution
		SolutionGuid = {C79F17CE-14CC-49D5-8762-5082D29C249D}
	EndGlobalSection
EndGlobal
